// !$*UTF8*$!
{
	archiveVersion = 1;
	classes = {
	};
	objectVersion = 50;
	objects = {

/* Begin PBXBuildFile section */
		BB44E081239A55B00010DA3F /* AppDelegate.swift in Sources */ = {isa = PBXBuildFile; fileRef = BB44E080239A55B00010DA3F /* AppDelegate.swift */; };
		BB44E083239A55B00010DA3F /* ViewController.swift in Sources */ = {isa = PBXBuildFile; fileRef = BB44E082239A55B00010DA3F /* ViewController.swift */; };
		BB44E086239A55B00010DA3F /* Main.storyboard in Resources */ = {isa = PBXBuildFile; fileRef = BB44E084239A55B00010DA3F /* Main.storyboard */; };
		BB44E089239A55B00010DA3F /* TMobileDemo.xcdatamodeld in Sources */ = {isa = PBXBuildFile; fileRef = BB44E087239A55B00010DA3F /* TMobileDemo.xcdatamodeld */; };
		BB44E08B239A55B20010DA3F /* Assets.xcassets in Resources */ = {isa = PBXBuildFile; fileRef = BB44E08A239A55B20010DA3F /* Assets.xcassets */; };
		BB44E08E239A55B20010DA3F /* LaunchScreen.storyboard in Resources */ = {isa = PBXBuildFile; fileRef = BB44E08C239A55B20010DA3F /* LaunchScreen.storyboard */; };
/* End PBXBuildFile section */

/* Begin PBXFileReference section */
		BB44E07D239A55B00010DA3F /* TMobileDemo.app */ = {isa = PBXFileReference; explicitFileType = wrapper.application; includeInIndex = 0; path = TMobileDemo.app; sourceTree = BUILT_PRODUCTS_DIR; };
		BB44E080239A55B00010DA3F /* AppDelegate.swift */ = {isa = PBXFileReference; lastKnownFileType = sourcecode.swift; path = AppDelegate.swift; sourceTree = "<group>"; };
		BB44E082239A55B00010DA3F /* ViewController.swift */ = {isa = PBXFileReference; lastKnownFileType = sourcecode.swift; path = ViewController.swift; sourceTree = "<group>"; };
		BB44E085239A55B00010DA3F /* Base */ = {isa = PBXFileReference; lastKnownFileType = file.storyboard; name = Base; path = Base.lproj/Main.storyboard; sourceTree = "<group>"; };
		BB44E088239A55B00010DA3F /* TMobileDemo.xcdatamodel */ = {isa = PBXFileReference; lastKnownFileType = wrapper.xcdatamodel; path = TMobileDemo.xcdatamodel; sourceTree = "<group>"; };
		BB44E08A239A55B20010DA3F /* Assets.xcassets */ = {isa = PBXFileReference; lastKnownFileType = folder.assetcatalog; path = Assets.xcassets; sourceTree = "<group>"; };
		BB44E08D239A55B20010DA3F /* Base */ = {isa = PBXFileReference; lastKnownFileType = file.storyboard; name = Base; path = Base.lproj/LaunchScreen.storyboard; sourceTree = "<group>"; };
		BB44E08F239A55B20010DA3F /* Info.plist */ = {isa = PBXFileReference; lastKnownFileType = text.plist.xml; path = Info.plist; sourceTree = "<group>"; };
/* End PBXFileReference section */

/* Begin PBXFrameworksBuildPhase section */
		BB44E07A239A55B00010DA3F /* Frameworks */ = {
			isa = PBXFrameworksBuildPhase;
			buildActionMask = 2147483647;
			files = (
			);
			runOnlyForDeploymentPostprocessing = 0;
		};
/* End PBXFrameworksBuildPhase section */

/* Begin PBXGroup section */
		BB44E074239A55B00010DA3F = {
			isa = PBXGroup;
			children = (
				BB44E07F239A55B00010DA3F /* TMobileDemo */,
				BB44E07E239A55B00010DA3F /* Products */,
			);
			sourceTree = "<group>";
		};
		BB44E07E239A55B00010DA3F /* Products */ = {
			isa = PBXGroup;
			children = (
				BB44E07D239A55B00010DA3F /* TMobileDemo.app */,
			);
			name = Products;
			sourceTree = "<group>";
		};
		BB44E07F239A55B00010DA3F /* TMobileDemo */ = {
			isa = PBXGroup;
			children = (
				BB44E080239A55B00010DA3F /* AppDelegate.swift */,
				BB44E082239A55B00010DA3F /* ViewController.swift */,
				BB44E084239A55B00010DA3F /* Main.storyboard */,
				BB44E08A239A55B20010DA3F /* Assets.xcassets */,
				BB44E08C239A55B20010DA3F /* LaunchScreen.storyboard */,
				BB44E08F239A55B20010DA3F /* Info.plist */,
				BB44E087239A55B00010DA3F /* TMobileDemo.xcdatamodeld */,
			);
			path = TMobileDemo;
			sourceTree = "<group>";
		};
/* End PBXGroup section */

/* Begin PBXNativeTarget section */
		BB44E07C239A55B00010DA3F /* TMobileDemo */ = {
			isa = PBXNativeTarget;
			buildConfigurationList = BB44E092239A55B20010DA3F /* Build configuration list for PBXNativeTarget "TMobileDemo" */;
			buildPhases = (
				BB44E079239A55B00010DA3F /* Sources */,
				BB44E07A239A55B00010DA3F /* Frameworks */,
				BB44E07B239A55B00010DA3F /* Resources */,
			);
			buildRules = (
			);
			dependencies = (
			);
			name = TMobileDemo;
			productName = TMobileDemo;
			productReference = BB44E07D239A55B00010DA3F /* TMobileDemo.app */;
			productType = "com.apple.product-type.application";
		};
/* End PBXNativeTarget section */

/* Begin PBXProject section */
		BB44E075239A55B00010DA3F /* Project object */ = {
			isa = PBXProject;
			attributes = {
				LastSwiftUpdateCheck = 1020;
				LastUpgradeCheck = 1020;
				ORGANIZATIONNAME = "Prudhvi Sonnati";
				TargetAttributes = {
					BB44E07C239A55B00010DA3F = {
						CreatedOnToolsVersion = 10.2.1;
					};
				};
			};
			buildConfigurationList = BB44E078239A55B00010DA3F /* Build configuration list for PBXProject "TMobileDemo" */;
			compatibilityVersion = "Xcode 9.3";
			developmentRegion = en;
			hasScannedForEncodings = 0;
			knownRegions = (
				en,
				Base,
			);
			mainGroup = BB44E074239A55B00010DA3F;
			productRefGroup = BB44E07E239A55B00010DA3F /* Products */;
			projectDirPath = "";
			projectRoot = "";
			targets = (
				BB44E07C239A55B00010DA3F /* TMobileDemo */,
			);
		};
/* End PBXProject section */

/* Begin PBXResourcesBuildPhase section */
		BB44E07B239A55B00010DA3F /* Resources */ = {
			isa = PBXResourcesBuildPhase;
			buildActionMask = 2147483647;
			files = (
				BB44E08E239A55B20010DA3F /* LaunchScreen.storyboard in Resources */,
				BB44E08B239A55B20010DA3F /* Assets.xcassets in Resources */,
				BB44E086239A55B00010DA3F /* Main.storyboard in Resources */,
			);
			runOnlyForDeploymentPostprocessing = 0;
		};
/* End PBXResourcesBuildPhase section */

/* Begin PBXSourcesBuildPhase section */
		BB44E079239A55B00010DA3F /* Sources */ = {
			isa = PBXSourcesBuildPhase;
			buildActionMask = 2147483647;
			files = (
				BB44E083239A55B00010DA3F /* ViewController.swift in Sources */,
				BB44E089239A55B00010DA3F /* TMobileDemo.xcdatamodeld in Sources */,
				BB44E081239A55B00010DA3F /* AppDelegate.swift in Sources */,
			);
			runOnlyForDeploymentPostprocessing = 0;
		};
/* End PBXSourcesBuildPhase section */

/* Begin PBXVariantGroup section */
		BB44E084239A55B00010DA3F /* Main.storyboard */ = {
			isa = PBXVariantGroup;
			children = (
				BB44E085239A55B00010DA3F /* Base */,
			);
			name = Main.storyboard;
			sourceTree = "<group>";
		};
		BB44E08C239A55B20010DA3F /* LaunchScreen.storyboard */ = {
			isa = PBXVariantGroup;
			children = (
				BB44E08D239A55B20010DA3F /* Base */,
			);
			name = LaunchScreen.storyboard;
			sourceTree = "<group>";
		};
/* End PBXVariantGroup section */

/* Begin XCBuildConfiguration section */
		BB44E090239A55B20010DA3F /* Debug */ = {
			isa = XCBuildConfiguration;
			buildSettings = {
				ALWAYS_SEARCH_USER_PATHS = NO;
				CLANG_ANALYZER_NONNULL = YES;
				CLANG_ANALYZER_NUMBER_OBJECT_CONVERSION = YES_AGGRESSIVE;
				CLANG_CXX_LANGUAGE_STANDARD = "gnu++14";
				CLANG_CXX_LIBRARY = "libc++";
				CLANG_ENABLE_MODULES = YES;
				CLANG_ENABLE_OBJC_ARC = YES;
				CLANG_ENABLE_OBJC_WEAK = YES;
				CLANG_WARN_BLOCK_CAPTURE_AUTORELEASING = YES;
				CLANG_WARN_BOOL_CONVERSION = YES;
				CLANG_WARN_COMMA = YES;
				CLANG_WARN_CONSTANT_CONVERSION = YES;
				CLANG_WARN_DEPRECATED_OBJC_IMPLEMENTATIONS = YES;
				CLANG_WARN_DIRECT_OBJC_ISA_USAGE = YES_ERROR;
				CLANG_WARN_DOCUMENTATION_COMMENTS = YES;
				CLANG_WARN_EMPTY_BODY = YES;
				CLANG_WARN_ENUM_CONVERSION = YES;
				CLANG_WARN_INFINITE_RECURSION = YES;
				CLANG_WARN_INT_CONVERSION = YES;
				CLANG_WARN_NON_LITERAL_NULL_CONVERSION = YES;
				CLANG_WARN_OBJC_IMPLICIT_RETAIN_SELF = YES;
				CLANG_WARN_OBJC_LITERAL_CONVERSION = YES;
				CLANG_WARN_OBJC_ROOT_CLASS = YES_ERROR;
				CLANG_WARN_RANGE_LOOP_ANALYSIS = YES;
				CLANG_WARN_STRICT_PROTOTYPES = YES;
				CLANG_WARN_SUSPICIOUS_MOVE = YES;
				CLANG_WARN_UNGUARDED_AVAILABILITY = YES_AGGRESSIVE;
				CLANG_WARN_UNREACHABLE_CODE = YES;
				CLANG_WARN__DUPLICATE_METHOD_MATCH = YES;
				CODE_SIGN_IDENTITY = "iPhone Developer";
				COPY_PHASE_STRIP = NO;
				DEBUG_INFORMATION_FORMAT = dwarf;
				ENABLE_STRICT_OBJC_MSGSEND = YES;
				ENABLE_TESTABILITY = YES;
				GCC_C_LANGUAGE_STANDARD = gnu11;
				GCC_DYNAMIC_NO_PIC = NO;
				GCC_NO_COMMON_BLOCKS = YES;
				GCC_OPTIMIZATION_LEVEL = 0;
				GCC_PREPROCESSOR_DEFINITIONS = (
					"DEBUG=1",
					"$(inherited)",
				);
				GCC_WARN_64_TO_32_BIT_CONVERSION = YES;
				GCC_WARN_ABOUT_RETURN_TYPE = YES_ERROR;
				GCC_WARN_UNDECLARED_SELECTOR = YES;
				GCC_WARN_UNINITIALIZED_AUTOS = YES_AGGRESSIVE;
				GCC_WARN_UNUSED_FUNCTION = YES;
				GCC_WARN_UNUSED_VARIABLE = YES;
				IPHONEOS_DEPLOYMENT_TARGET = 12.2;
				MTL_ENABLE_DEBUG_INFO = INCLUDE_SOURCE;
				MTL_FAST_MATH = YES;
				ONLY_ACTIVE_ARCH = YES;
				SDKROOT = iphoneos;
				SWIFT_ACTIVE_COMPILATION_CONDITIONS = DEBUG;
				SWIFT_OPTIMIZATION_LEVEL = "-Onone";
			};
			name = Debug;
		};
		BB44E091239A55B20010DA3F /* Release */ = {
			isa = XCBuildConfiguration;
			buildSettings = {
				ALWAYS_SEARCH_USER_PATHS = NO;
				CLANG_ANALYZER_NONNULL = YES;
				CLANG_ANALYZER_NUMBER_OBJECT_CONVERSION = YES_AGGRESSIVE;
				CLANG_CXX_LANGUAGE_STANDARD = "gnu++14";
				CLANG_CXX_LIBRARY = "libc++";
				CLANG_ENABLE_MODULES = YES;
				CLANG_ENABLE_OBJC_ARC = YES;
				CLANG_ENABLE_OBJC_WEAK = YES;
				CLANG_WARN_BLOCK_CAPTURE_AUTORELEASING = YES;
				CLANG_WARN_BOOL_CONVERSION = YES;
				CLANG_WARN_COMMA = YES;
				CLANG_WARN_CONSTANT_CONVERSION = YES;
				CLANG_WARN_DEPRECATED_OBJC_IMPLEMENTATIONS = YES;
				CLANG_WARN_DIRECT_OBJC_ISA_USAGE = YES_ERROR;
				CLANG_WARN_DOCUMENTATION_COMMENTS = YES;
				CLANG_WARN_EMPTY_BODY = YES;
				CLANG_WARN_ENUM_CONVERSION = YES;
				CLANG_WARN_INFINITE_RECURSION = YES;
				CLANG_WARN_INT_CONVERSION = YES;
				CLANG_WARN_NON_LITERAL_NULL_CONVERSION = YES;
				CLANG_WARN_OBJC_IMPLICIT_RETAIN_SELF = YES;
				CLANG_WARN_OBJC_LITERAL_CONVERSION = YES;
				CLANG_WARN_OBJC_ROOT_CLASS = YES_ERROR;
				CLANG_WARN_RANGE_LOOP_ANALYSIS = YES;
				CLANG_WARN_STRICT_PROTOTYPES = YES;
				CLANG_WARN_SUSPICIOUS_MOVE = YES;
				CLANG_WARN_UNGUARDED_AVAILABILITY = YES_AGGRESSIVE;
				CLANG_WARN_UNREACHABLE_CODE = YES;
				CLANG_WARN__DUPLICATE_METHOD_MATCH = YES;
				CODE_SIGN_IDENTITY = "iPhone Developer";
				COPY_PHASE_STRIP = NO;
				DEBUG_INFORMATION_FORMAT = "dwarf-with-dsym";
				ENABLE_NS_ASSERTIONS = NO;
				ENABLE_STRICT_OBJC_MSGSEND = YES;
				GCC_C_LANGUAGE_STANDARD = gnu11;
				GCC_NO_COMMON_BLOCKS = YES;
				GCC_WARN_64_TO_32_BIT_CONVERSION = YES;
				GCC_WARN_ABOUT_RETURN_TYPE = YES_ERROR;
				GCC_WARN_UNDECLARED_SELECTOR = YES;
				GCC_WARN_UNINITIALIZED_AUTOS = YES_AGGRESSIVE;
				GCC_WARN_UNUSED_FUNCTION = YES;
				GCC_WARN_UNUSED_VARIABLE = YES;
				IPHONEOS_DEPLOYMENT_TARGET = 12.2;
				MTL_ENABLE_DEBUG_INFO = NO;
				MTL_FAST_MATH = YES;
				SDKROOT = iphoneos;
				SWIFT_COMPILATION_MODE = wholemodule;
				SWIFT_OPTIMIZATION_LEVEL = "-O";
				VALIDATE_PRODUCT = YES;
			};
			name = Release;
		};
		BB44E093239A55B20010DA3F /* Debug */ = {
			isa = XCBuildConfiguration;
			buildSettings = {
				ASSETCATALOG_COMPILER_APPICON_NAME = AppIcon;
				CODE_SIGN_STYLE = Automatic;
				INFOPLIST_FILE = TMobileDemo/Info.plist;
				LD_RUNPATH_SEARCH_PATHS = (
					"$(inherited)",
					"@executable_path/Frameworks",
				);
				PRODUCT_BUNDLE_IDENTIFIER = com.demo.TMobileDemo;
				PRODUCT_NAME = "$(TARGET_NAME)";
				SWIFT_VERSION = 5.0;
				TARGETED_DEVICE_FAMILY = "1,2";
			};
			name = Debug;
		};
		BB44E094239A55B20010DA3F /* Release */ = {
			isa = XCBuildConfiguration;
			buildSettings = {
				ASSETCATALOG_COMPILER_APPICON_NAME = AppIcon;
				CODE_SIGN_STYLE = Automatic;
				INFOPLIST_FILE = TMobileDemo/Info.plist;
				LD_RUNPATH_SEARCH_PATHS = (
					"$(inherited)",
					"@executable_path/Frameworks",
				);
				PRODUCT_BUNDLE_IDENTIFIER = com.demo.TMobileDemo;
				PRODUCT_NAME = "$(TARGET_NAME)";
				SWIFT_VERSION = 5.0;
				TARGETED_DEVICE_FAMILY = "1,2";
			};
			name = Release;
		};
/* End XCBuildConfiguration section */

/* Begin XCConfigurationList section */
		BB44E078239A55B00010DA3F /* Build configuration list for PBXProject "TMobileDemo" */ = {
			isa = XCConfigurationList;
			buildConfigurations = (
				BB44E090239A55B20010DA3F /* Debug */,
				BB44E091239A55B20010DA3F /* Release */,
			);
			defaultConfigurationIsVisible = 0;
			defaultConfigurationName = Release;
		};
		BB44E092239A55B20010DA3F /* Build configuration list for PBXNativeTarget "TMobileDemo" */ = {
			isa = XCConfigurationList;
			buildConfigurations = (
				BB44E093239A55B20010DA3F /* Debug */,
				BB44E094239A55B20010DA3F /* Release */,
			);
			defaultConfigurationIsVisible = 0;
			defaultConfigurationName = Release;
		};
/* End XCConfigurationList section */

/* Begin XCVersionGroup section */
		BB44E087239A55B00010DA3F /* TMobileDemo.xcdatamodeld */ = {
			isa = XCVersionGroup;
			children = (
				BB44E088239A55B00010DA3F /* TMobileDemo.xcdatamodel */,
			);
			currentVersion = BB44E088239A55B00010DA3F /* TMobileDemo.xcdatamodel */;
			path = TMobileDemo.xcdatamodeld;
			sourceTree = "<group>";
			versionGroupType = wrapper.xcdatamodel;
		};
/* End XCVersionGroup section */
	};
	rootObject = BB44E075239A55B00010DA3F /* Project object */;
}
